
Microsoft Visual Studio Solution File, Format Version 12.00
# Visual Studio Version 17
VisualStudioVersion = 17.13.35913.81
MinimumVisualStudioVersion = 10.0.40219.1
Project("{FAE04EC0-301F-11D3-BF4B-00C04F79EFBC}") = "Function", "Function\Function.csproj", "{B22AF930-3474-46C3-9EDE-8D13A3CD8555}"
EndProject
Project("{FAE04EC0-301F-11D3-BF4B-00C04F79EFBC}") = "TimerTrigger", "TimerTrigger\TimerTrigger.csproj", "{DF020671-9EF9-4E7C-945B-06107363AEF0}"
EndProject
Project("{FAE04EC0-301F-11D3-BF4B-00C04F79EFBC}") = "BlobTriggerFunction", "BlobTriggerFunction\BlobTriggerFunction.csproj", "{FE94A7D3-8844-4336-92DB-35B3D6D6908A}"
EndProject
Project("{FAE04EC0-301F-11D3-BF4B-00C04F79EFBC}") = "CosmosDbInputHTTPTRIGGER", "CosmosDbInputHTTPTRIGGER\CosmosDbInputHTTPTRIGGER.csproj", "{8C551A13-C0D3-4A38-9BAC-2A8C71FE9B1D}"
EndProject
Project("{FAE04EC0-301F-11D3-BF4B-00C04F79EFBC}") = "HttpTriggerInputOutputBindings", "HttpTriggerInputOutputBindings\HttpTriggerInputOutputBindings.csproj", "{8FE5D387-26A1-4E22-A9E2-E0F5F4E540DD}"
EndProject
Global
	GlobalSection(SolutionConfigurationPlatforms) = preSolution
		Debug|Any CPU = Debug|Any CPU
		Release|Any CPU = Release|Any CPU
	EndGlobalSection
	GlobalSection(ProjectConfigurationPlatforms) = postSolution
		{B22AF930-3474-46C3-9EDE-8D13A3CD8555}.Debug|Any CPU.ActiveCfg = Debug|Any CPU
		{B22AF930-3474-46C3-9EDE-8D13A3CD8555}.Debug|Any CPU.Build.0 = Debug|Any CPU
		{B22AF930-3474-46C3-9EDE-8D13A3CD8555}.Release|Any CPU.ActiveCfg = Release|Any CPU
		{B22AF930-3474-46C3-9EDE-8D13A3CD8555}.Release|Any CPU.Build.0 = Release|Any CPU
		{DF020671-9EF9-4E7C-945B-06107363AEF0}.Debug|Any CPU.ActiveCfg = Debug|Any CPU
		{DF020671-9EF9-4E7C-945B-06107363AEF0}.Debug|Any CPU.Build.0 = Debug|Any CPU
		{DF020671-9EF9-4E7C-945B-06107363AEF0}.Release|Any CPU.ActiveCfg = Release|Any CPU
		{DF020671-9EF9-4E7C-945B-06107363AEF0}.Release|Any CPU.Build.0 = Release|Any CPU
		{FE94A7D3-8844-4336-92DB-35B3D6D6908A}.Debug|Any CPU.ActiveCfg = Debug|Any CPU
		{FE94A7D3-8844-4336-92DB-35B3D6D6908A}.Debug|Any CPU.Build.0 = Debug|Any CPU
		{FE94A7D3-8844-4336-92DB-35B3D6D6908A}.Release|Any CPU.ActiveCfg = Release|Any CPU
		{FE94A7D3-8844-4336-92DB-35B3D6D6908A}.Release|Any CPU.Build.0 = Release|Any CPU
		{8C551A13-C0D3-4A38-9BAC-2A8C71FE9B1D}.Debug|Any CPU.ActiveCfg = Debug|Any CPU
		{8C551A13-C0D3-4A38-9BAC-2A8C71FE9B1D}.Debug|Any CPU.Build.0 = Debug|Any CPU
		{8C551A13-C0D3-4A38-9BAC-2A8C71FE9B1D}.Release|Any CPU.ActiveCfg = Release|Any CPU
		{8C551A13-C0D3-4A38-9BAC-2A8C71FE9B1D}.Release|Any CPU.Build.0 = Release|Any CPU
		{8FE5D387-26A1-4E22-A9E2-E0F5F4E540DD}.Debug|Any CPU.ActiveCfg = Debug|Any CPU
		{8FE5D387-26A1-4E22-A9E2-E0F5F4E540DD}.Debug|Any CPU.Build.0 = Debug|Any CPU
		{8FE5D387-26A1-4E22-A9E2-E0F5F4E540DD}.Release|Any CPU.ActiveCfg = Release|Any CPU
		{8FE5D387-26A1-4E22-A9E2-E0F5F4E540DD}.Release|Any CPU.Build.0 = Release|Any CPU
	EndGlobalSection
	GlobalSection(SolutionProperties) = preSolution
		HideSolutionNode = FALSE
	EndGlobalSection
	GlobalSection(ExtensibilityGlobals) = postSolution
		SolutionGuid = {1E8CF046-3A11-4E21-BC7C-4063D1C44368}
	EndGlobalSection
EndGlobal
